
Microsoft Visual Studio Solution File, Format Version 12.00
# Visual Studio Version 16
VisualStudioVersion = 16.0.29319.158
MinimumVisualStudioVersion = 10.0.40219.1
Project("{9A19103F-16F7-4668-BE54-9A1E7A4F7556}") = "Signawel.Data", "Signawel.Data\Signawel.Data.csproj", "{2886D5FE-328D-43CB-A30C-293F6DBEAE3C}"
EndProject
Project("{2150E333-8FDC-42A3-9474-1A3956D46DE8}") = "Abstractions", "Abstractions", "{3CDFB8C4-8A3E-4224-A82A-09F7EE29E901}"
EndProject
Project("{2150E333-8FDC-42A3-9474-1A3956D46DE8}") = "src", "src", "{91C5E67D-1D0C-4AC2-93D4-1B49173D8074}"
EndProject
Project("{2150E333-8FDC-42A3-9474-1A3956D46DE8}") = "test", "test", "{3AD06268-0CB3-491A-9418-3012783A334D}"
EndProject
Project("{9A19103F-16F7-4668-BE54-9A1E7A4F7556}") = "Signawel.Data.Abstractions", "Signawel.Data.Abstractions\Signawel.Data.Abstractions.csproj", "{0D4816DF-39E8-4B7D-A178-67C5FBFE7E80}"
EndProject
Project("{9A19103F-16F7-4668-BE54-9A1E7A4F7556}") = "Signawel.Data.Tests", "Signawel.Data.Tests\Signawel.Data.Tests.csproj", "{526A0BAF-E204-4149-9182-5C74D71DC5DB}"
EndProject
Project("{9A19103F-16F7-4668-BE54-9A1E7A4F7556}") = "Signawel.Business", "Signawel.Business\Signawel.Business.csproj", "{97A06FA5-4205-4E6F-9047-DDAB59439646}"
EndProject
Project("{9A19103F-16F7-4668-BE54-9A1E7A4F7556}") = "Signawel.Business.Abstractions", "Signawel.Business.Abstractions\Signawel.Business.Abstractions.csproj", "{EF6ADFBC-B58D-44B3-AEED-85D7A206182B}"
EndProject
Project("{9A19103F-16F7-4668-BE54-9A1E7A4F7556}") = "Signawel.Domain", "Signawel.Domain\Signawel.Domain.csproj", "{84C1DFBF-DFA2-433C-A02E-E85E091BA015}"
EndProject
Project("{9A19103F-16F7-4668-BE54-9A1E7A4F7556}") = "Signawel.API", "Signawel.API\Signawel.API.csproj", "{F3A29258-018C-49FC-A7D4-35E9D7AABAB0}"
EndProject
Project("{2150E333-8FDC-42A3-9474-1A3956D46DE8}") = "Mobile", "Mobile", "{C9EA7506-B026-415B-88BC-8B00A0906BC7}"
EndProject
Project("{2150E333-8FDC-42A3-9474-1A3956D46DE8}") = "Web", "Web", "{DA16173F-4955-4685-A19F-62813DA353FE}"
EndProject
Project("{2150E333-8FDC-42A3-9474-1A3956D46DE8}") = "Api", "Api", "{215F1048-3359-40D8-AFBB-9B0CFEF1A5A8}"
EndProject
Project("{2150E333-8FDC-42A3-9474-1A3956D46DE8}") = "src", "src", "{F8F73045-965A-4EAA-B300-B68B755B396D}"
EndProject
Project("{2150E333-8FDC-42A3-9474-1A3956D46DE8}") = "test", "test", "{EE94CCF9-3C41-44CA-AB05-940263BF84DF}"
EndProject
Project("{2150E333-8FDC-42A3-9474-1A3956D46DE8}") = "src", "src", "{9EC4D847-E0EA-400E-B7EC-70F6D7CCD804}"
EndProject
Project("{2150E333-8FDC-42A3-9474-1A3956D46DE8}") = "test", "test", "{93B87ABA-3B56-47FC-A009-63710A620146}"
EndProject
Project("{FAE04EC0-301F-11D3-BF4B-00C04F79EFBC}") = "Signawel.Mobile.Android", "Signawel.Mobile\Signawel.Mobile.Android\Signawel.Mobile.Android.csproj", "{BAD1423D-6A3B-4271-BF67-801A6E2B1717}"
EndProject
Project("{FAE04EC0-301F-11D3-BF4B-00C04F79EFBC}") = "Signawel.Mobile.iOS", "Signawel.Mobile\Signawel.Mobile.iOS\Signawel.Mobile.iOS.csproj", "{80B9DB86-1A3E-49CD-B4BD-EC7DC76547E7}"
EndProject
Project("{FAE04EC0-301F-11D3-BF4B-00C04F79EFBC}") = "Signawel.Mobile", "Signawel.Mobile\Signawel.Mobile\Signawel.Mobile.csproj", "{DA27020A-AA86-4C3A-8946-865F59D073E3}"
EndProject
Project("{FAE04EC0-301F-11D3-BF4B-00C04F79EFBC}") = "Signawel.Web", "Signawel.Web\Signawel.Web.csproj", "{54DF1432-C9E0-4D47-91AE-3ACABEDA7107}"
EndProject
Global
	GlobalSection(SolutionConfigurationPlatforms) = preSolution
		Debug|Any CPU = Debug|Any CPU
		Debug|iPhone = Debug|iPhone
		Debug|iPhoneSimulator = Debug|iPhoneSimulator
		Release|Any CPU = Release|Any CPU
		Release|iPhone = Release|iPhone
		Release|iPhoneSimulator = Release|iPhoneSimulator
	EndGlobalSection
	GlobalSection(ProjectConfigurationPlatforms) = postSolution
		{2886D5FE-328D-43CB-A30C-293F6DBEAE3C}.Debug|Any CPU.ActiveCfg = Debug|Any CPU
		{2886D5FE-328D-43CB-A30C-293F6DBEAE3C}.Debug|Any CPU.Build.0 = Debug|Any CPU
		{2886D5FE-328D-43CB-A30C-293F6DBEAE3C}.Debug|iPhone.ActiveCfg = Debug|Any CPU
		{2886D5FE-328D-43CB-A30C-293F6DBEAE3C}.Debug|iPhone.Build.0 = Debug|Any CPU
		{2886D5FE-328D-43CB-A30C-293F6DBEAE3C}.Debug|iPhoneSimulator.ActiveCfg = Debug|Any CPU
		{2886D5FE-328D-43CB-A30C-293F6DBEAE3C}.Debug|iPhoneSimulator.Build.0 = Debug|Any CPU
		{2886D5FE-328D-43CB-A30C-293F6DBEAE3C}.Release|Any CPU.ActiveCfg = Release|Any CPU
		{2886D5FE-328D-43CB-A30C-293F6DBEAE3C}.Release|Any CPU.Build.0 = Release|Any CPU
		{2886D5FE-328D-43CB-A30C-293F6DBEAE3C}.Release|iPhone.ActiveCfg = Release|Any CPU
		{2886D5FE-328D-43CB-A30C-293F6DBEAE3C}.Release|iPhone.Build.0 = Release|Any CPU
		{2886D5FE-328D-43CB-A30C-293F6DBEAE3C}.Release|iPhoneSimulator.ActiveCfg = Release|Any CPU
		{2886D5FE-328D-43CB-A30C-293F6DBEAE3C}.Release|iPhoneSimulator.Build.0 = Release|Any CPU
		{0D4816DF-39E8-4B7D-A178-67C5FBFE7E80}.Debug|Any CPU.ActiveCfg = Debug|Any CPU
		{0D4816DF-39E8-4B7D-A178-67C5FBFE7E80}.Debug|Any CPU.Build.0 = Debug|Any CPU
		{0D4816DF-39E8-4B7D-A178-67C5FBFE7E80}.Debug|iPhone.ActiveCfg = Debug|Any CPU
		{0D4816DF-39E8-4B7D-A178-67C5FBFE7E80}.Debug|iPhone.Build.0 = Debug|Any CPU
		{0D4816DF-39E8-4B7D-A178-67C5FBFE7E80}.Debug|iPhoneSimulator.ActiveCfg = Debug|Any CPU
		{0D4816DF-39E8-4B7D-A178-67C5FBFE7E80}.Debug|iPhoneSimulator.Build.0 = Debug|Any CPU
		{0D4816DF-39E8-4B7D-A178-67C5FBFE7E80}.Release|Any CPU.ActiveCfg = Release|Any CPU
		{0D4816DF-39E8-4B7D-A178-67C5FBFE7E80}.Release|Any CPU.Build.0 = Release|Any CPU
		{0D4816DF-39E8-4B7D-A178-67C5FBFE7E80}.Release|iPhone.ActiveCfg = Release|Any CPU
		{0D4816DF-39E8-4B7D-A178-67C5FBFE7E80}.Release|iPhone.Build.0 = Release|Any CPU
		{0D4816DF-39E8-4B7D-A178-67C5FBFE7E80}.Release|iPhoneSimulator.ActiveCfg = Release|Any CPU
		{0D4816DF-39E8-4B7D-A178-67C5FBFE7E80}.Release|iPhoneSimulator.Build.0 = Release|Any CPU
		{526A0BAF-E204-4149-9182-5C74D71DC5DB}.Debug|Any CPU.ActiveCfg = Debug|Any CPU
		{526A0BAF-E204-4149-9182-5C74D71DC5DB}.Debug|Any CPU.Build.0 = Debug|Any CPU
		{526A0BAF-E204-4149-9182-5C74D71DC5DB}.Debug|iPhone.ActiveCfg = Debug|Any CPU
		{526A0BAF-E204-4149-9182-5C74D71DC5DB}.Debug|iPhone.Build.0 = Debug|Any CPU
		{526A0BAF-E204-4149-9182-5C74D71DC5DB}.Debug|iPhoneSimulator.ActiveCfg = Debug|Any CPU
		{526A0BAF-E204-4149-9182-5C74D71DC5DB}.Debug|iPhoneSimulator.Build.0 = Debug|Any CPU
		{526A0BAF-E204-4149-9182-5C74D71DC5DB}.Release|Any CPU.ActiveCfg = Release|Any CPU
		{526A0BAF-E204-4149-9182-5C74D71DC5DB}.Release|Any CPU.Build.0 = Release|Any CPU
		{526A0BAF-E204-4149-9182-5C74D71DC5DB}.Release|iPhone.ActiveCfg = Release|Any CPU
		{526A0BAF-E204-4149-9182-5C74D71DC5DB}.Release|iPhone.Build.0 = Release|Any CPU
		{526A0BAF-E204-4149-9182-5C74D71DC5DB}.Release|iPhoneSimulator.ActiveCfg = Release|Any CPU
		{526A0BAF-E204-4149-9182-5C74D71DC5DB}.Release|iPhoneSimulator.Build.0 = Release|Any CPU
		{97A06FA5-4205-4E6F-9047-DDAB59439646}.Debug|Any CPU.ActiveCfg = Debug|Any CPU
		{97A06FA5-4205-4E6F-9047-DDAB59439646}.Debug|Any CPU.Build.0 = Debug|Any CPU
		{97A06FA5-4205-4E6F-9047-DDAB59439646}.Debug|iPhone.ActiveCfg = Debug|Any CPU
		{97A06FA5-4205-4E6F-9047-DDAB59439646}.Debug|iPhone.Build.0 = Debug|Any CPU
		{97A06FA5-4205-4E6F-9047-DDAB59439646}.Debug|iPhoneSimulator.ActiveCfg = Debug|Any CPU
		{97A06FA5-4205-4E6F-9047-DDAB59439646}.Debug|iPhoneSimulator.Build.0 = Debug|Any CPU
		{97A06FA5-4205-4E6F-9047-DDAB59439646}.Release|Any CPU.ActiveCfg = Release|Any CPU
		{97A06FA5-4205-4E6F-9047-DDAB59439646}.Release|Any CPU.Build.0 = Release|Any CPU
		{97A06FA5-4205-4E6F-9047-DDAB59439646}.Release|iPhone.ActiveCfg = Release|Any CPU
		{97A06FA5-4205-4E6F-9047-DDAB59439646}.Release|iPhone.Build.0 = Release|Any CPU
		{97A06FA5-4205-4E6F-9047-DDAB59439646}.Release|iPhoneSimulator.ActiveCfg = Release|Any CPU
		{97A06FA5-4205-4E6F-9047-DDAB59439646}.Release|iPhoneSimulator.Build.0 = Release|Any CPU
		{EF6ADFBC-B58D-44B3-AEED-85D7A206182B}.Debug|Any CPU.ActiveCfg = Debug|Any CPU
		{EF6ADFBC-B58D-44B3-AEED-85D7A206182B}.Debug|Any CPU.Build.0 = Debug|Any CPU
		{EF6ADFBC-B58D-44B3-AEED-85D7A206182B}.Debug|iPhone.ActiveCfg = Debug|Any CPU
		{EF6ADFBC-B58D-44B3-AEED-85D7A206182B}.Debug|iPhone.Build.0 = Debug|Any CPU
		{EF6ADFBC-B58D-44B3-AEED-85D7A206182B}.Debug|iPhoneSimulator.ActiveCfg = Debug|Any CPU
		{EF6ADFBC-B58D-44B3-AEED-85D7A206182B}.Debug|iPhoneSimulator.Build.0 = Debug|Any CPU
		{EF6ADFBC-B58D-44B3-AEED-85D7A206182B}.Release|Any CPU.ActiveCfg = Release|Any CPU
		{EF6ADFBC-B58D-44B3-AEED-85D7A206182B}.Release|Any CPU.Build.0 = Release|Any CPU
		{EF6ADFBC-B58D-44B3-AEED-85D7A206182B}.Release|iPhone.ActiveCfg = Release|Any CPU
		{EF6ADFBC-B58D-44B3-AEED-85D7A206182B}.Release|iPhone.Build.0 = Release|Any CPU
		{EF6ADFBC-B58D-44B3-AEED-85D7A206182B}.Release|iPhoneSimulator.ActiveCfg = Release|Any CPU
		{EF6ADFBC-B58D-44B3-AEED-85D7A206182B}.Release|iPhoneSimulator.Build.0 = Release|Any CPU
		{84C1DFBF-DFA2-433C-A02E-E85E091BA015}.Debug|Any CPU.ActiveCfg = Debug|Any CPU
		{84C1DFBF-DFA2-433C-A02E-E85E091BA015}.Debug|Any CPU.Build.0 = Debug|Any CPU
		{84C1DFBF-DFA2-433C-A02E-E85E091BA015}.Debug|iPhone.ActiveCfg = Debug|Any CPU
		{84C1DFBF-DFA2-433C-A02E-E85E091BA015}.Debug|iPhone.Build.0 = Debug|Any CPU
		{84C1DFBF-DFA2-433C-A02E-E85E091BA015}.Debug|iPhoneSimulator.ActiveCfg = Debug|Any CPU
		{84C1DFBF-DFA2-433C-A02E-E85E091BA015}.Debug|iPhoneSimulator.Build.0 = Debug|Any CPU
		{84C1DFBF-DFA2-433C-A02E-E85E091BA015}.Release|Any CPU.ActiveCfg = Release|Any CPU
		{84C1DFBF-DFA2-433C-A02E-E85E091BA015}.Release|Any CPU.Build.0 = Release|Any CPU
		{84C1DFBF-DFA2-433C-A02E-E85E091BA015}.Release|iPhone.ActiveCfg = Release|Any CPU
		{84C1DFBF-DFA2-433C-A02E-E85E091BA015}.Release|iPhone.Build.0 = Release|Any CPU
		{84C1DFBF-DFA2-433C-A02E-E85E091BA015}.Release|iPhoneSimulator.ActiveCfg = Release|Any CPU
		{84C1DFBF-DFA2-433C-A02E-E85E091BA015}.Release|iPhoneSimulator.Build.0 = Release|Any CPU
		{F3A29258-018C-49FC-A7D4-35E9D7AABAB0}.Debug|Any CPU.ActiveCfg = Debug|Any CPU
		{F3A29258-018C-49FC-A7D4-35E9D7AABAB0}.Debug|Any CPU.Build.0 = Debug|Any CPU
		{F3A29258-018C-49FC-A7D4-35E9D7AABAB0}.Debug|iPhone.ActiveCfg = Debug|Any CPU
		{F3A29258-018C-49FC-A7D4-35E9D7AABAB0}.Debug|iPhone.Build.0 = Debug|Any CPU
		{F3A29258-018C-49FC-A7D4-35E9D7AABAB0}.Debug|iPhoneSimulator.ActiveCfg = Debug|Any CPU
		{F3A29258-018C-49FC-A7D4-35E9D7AABAB0}.Debug|iPhoneSimulator.Build.0 = Debug|Any CPU
		{F3A29258-018C-49FC-A7D4-35E9D7AABAB0}.Release|Any CPU.ActiveCfg = Release|Any CPU
		{F3A29258-018C-49FC-A7D4-35E9D7AABAB0}.Release|Any CPU.Build.0 = Release|Any CPU
		{F3A29258-018C-49FC-A7D4-35E9D7AABAB0}.Release|iPhone.ActiveCfg = Release|Any CPU
		{F3A29258-018C-49FC-A7D4-35E9D7AABAB0}.Release|iPhone.Build.0 = Release|Any CPU
		{F3A29258-018C-49FC-A7D4-35E9D7AABAB0}.Release|iPhoneSimulator.ActiveCfg = Release|Any CPU
		{F3A29258-018C-49FC-A7D4-35E9D7AABAB0}.Release|iPhoneSimulator.Build.0 = Release|Any CPU
		{BAD1423D-6A3B-4271-BF67-801A6E2B1717}.Debug|Any CPU.ActiveCfg = Debug|Any CPU
		{BAD1423D-6A3B-4271-BF67-801A6E2B1717}.Debug|Any CPU.Build.0 = Debug|Any CPU
		{BAD1423D-6A3B-4271-BF67-801A6E2B1717}.Debug|Any CPU.Deploy.0 = Debug|Any CPU
		{BAD1423D-6A3B-4271-BF67-801A6E2B1717}.Debug|iPhone.ActiveCfg = Debug|Any CPU
		{BAD1423D-6A3B-4271-BF67-801A6E2B1717}.Debug|iPhone.Build.0 = Debug|Any CPU
		{BAD1423D-6A3B-4271-BF67-801A6E2B1717}.Debug|iPhone.Deploy.0 = Debug|Any CPU
		{BAD1423D-6A3B-4271-BF67-801A6E2B1717}.Debug|iPhoneSimulator.ActiveCfg = Debug|Any CPU
		{BAD1423D-6A3B-4271-BF67-801A6E2B1717}.Debug|iPhoneSimulator.Build.0 = Debug|Any CPU
		{BAD1423D-6A3B-4271-BF67-801A6E2B1717}.Debug|iPhoneSimulator.Deploy.0 = Debug|Any CPU
		{BAD1423D-6A3B-4271-BF67-801A6E2B1717}.Release|Any CPU.ActiveCfg = Release|Any CPU
		{BAD1423D-6A3B-4271-BF67-801A6E2B1717}.Release|Any CPU.Build.0 = Release|Any CPU
		{BAD1423D-6A3B-4271-BF67-801A6E2B1717}.Release|Any CPU.Deploy.0 = Release|Any CPU
		{BAD1423D-6A3B-4271-BF67-801A6E2B1717}.Release|iPhone.ActiveCfg = Release|Any CPU
		{BAD1423D-6A3B-4271-BF67-801A6E2B1717}.Release|iPhone.Build.0 = Release|Any CPU
		{BAD1423D-6A3B-4271-BF67-801A6E2B1717}.Release|iPhone.Deploy.0 = Release|Any CPU
		{BAD1423D-6A3B-4271-BF67-801A6E2B1717}.Release|iPhoneSimulator.ActiveCfg = Release|Any CPU
		{BAD1423D-6A3B-4271-BF67-801A6E2B1717}.Release|iPhoneSimulator.Build.0 = Release|Any CPU
		{BAD1423D-6A3B-4271-BF67-801A6E2B1717}.Release|iPhoneSimulator.Deploy.0 = Release|Any CPU
		{80B9DB86-1A3E-49CD-B4BD-EC7DC76547E7}.Debug|Any CPU.ActiveCfg = Debug|iPhone
		{80B9DB86-1A3E-49CD-B4BD-EC7DC76547E7}.Debug|iPhone.ActiveCfg = Debug|iPhone
		{80B9DB86-1A3E-49CD-B4BD-EC7DC76547E7}.Debug|iPhone.Build.0 = Debug|iPhone
		{80B9DB86-1A3E-49CD-B4BD-EC7DC76547E7}.Debug|iPhoneSimulator.ActiveCfg = Debug|iPhoneSimulator
		{80B9DB86-1A3E-49CD-B4BD-EC7DC76547E7}.Debug|iPhoneSimulator.Build.0 = Debug|iPhoneSimulator
		{80B9DB86-1A3E-49CD-B4BD-EC7DC76547E7}.Release|Any CPU.ActiveCfg = Release|iPhone
		{80B9DB86-1A3E-49CD-B4BD-EC7DC76547E7}.Release|iPhone.ActiveCfg = Release|iPhone
		{80B9DB86-1A3E-49CD-B4BD-EC7DC76547E7}.Release|iPhone.Build.0 = Release|iPhone
		{80B9DB86-1A3E-49CD-B4BD-EC7DC76547E7}.Release|iPhoneSimulator.ActiveCfg = Release|iPhoneSimulator
		{80B9DB86-1A3E-49CD-B4BD-EC7DC76547E7}.Release|iPhoneSimulator.Build.0 = Release|iPhoneSimulator
		{DA27020A-AA86-4C3A-8946-865F59D073E3}.Debug|Any CPU.ActiveCfg = Debug|Any CPU
		{DA27020A-AA86-4C3A-8946-865F59D073E3}.Debug|Any CPU.Build.0 = Debug|Any CPU
		{DA27020A-AA86-4C3A-8946-865F59D073E3}.Debug|iPhone.ActiveCfg = Debug|Any CPU
		{DA27020A-AA86-4C3A-8946-865F59D073E3}.Debug|iPhone.Build.0 = Debug|Any CPU
		{DA27020A-AA86-4C3A-8946-865F59D073E3}.Debug|iPhoneSimulator.ActiveCfg = Debug|Any CPU
		{DA27020A-AA86-4C3A-8946-865F59D073E3}.Debug|iPhoneSimulator.Build.0 = Debug|Any CPU
		{DA27020A-AA86-4C3A-8946-865F59D073E3}.Release|Any CPU.ActiveCfg = Release|Any CPU
		{DA27020A-AA86-4C3A-8946-865F59D073E3}.Release|Any CPU.Build.0 = Release|Any CPU
		{DA27020A-AA86-4C3A-8946-865F59D073E3}.Release|iPhone.ActiveCfg = Release|Any CPU
		{DA27020A-AA86-4C3A-8946-865F59D073E3}.Release|iPhone.Build.0 = Release|Any CPU
		{DA27020A-AA86-4C3A-8946-865F59D073E3}.Release|iPhoneSimulator.ActiveCfg = Release|Any CPU
		{DA27020A-AA86-4C3A-8946-865F59D073E3}.Release|iPhoneSimulator.Build.0 = Release|Any CPU
		{54DF1432-C9E0-4D47-91AE-3ACABEDA7107}.Debug|Any CPU.ActiveCfg = Debug|Any CPU
		{54DF1432-C9E0-4D47-91AE-3ACABEDA7107}.Debug|Any CPU.Build.0 = Debug|Any CPU
		{54DF1432-C9E0-4D47-91AE-3ACABEDA7107}.Debug|iPhone.ActiveCfg = Debug|Any CPU
		{54DF1432-C9E0-4D47-91AE-3ACABEDA7107}.Debug|iPhone.Build.0 = Debug|Any CPU
		{54DF1432-C9E0-4D47-91AE-3ACABEDA7107}.Debug|iPhoneSimulator.ActiveCfg = Debug|Any CPU
		{54DF1432-C9E0-4D47-91AE-3ACABEDA7107}.Debug|iPhoneSimulator.Build.0 = Debug|Any CPU
		{54DF1432-C9E0-4D47-91AE-3ACABEDA7107}.Release|Any CPU.ActiveCfg = Release|Any CPU
		{54DF1432-C9E0-4D47-91AE-3ACABEDA7107}.Release|Any CPU.Build.0 = Release|Any CPU
		{54DF1432-C9E0-4D47-91AE-3ACABEDA7107}.Release|iPhone.ActiveCfg = Release|Any CPU
		{54DF1432-C9E0-4D47-91AE-3ACABEDA7107}.Release|iPhone.Build.0 = Release|Any CPU
		{54DF1432-C9E0-4D47-91AE-3ACABEDA7107}.Release|iPhoneSimulator.ActiveCfg = Release|Any CPU
		{54DF1432-C9E0-4D47-91AE-3ACABEDA7107}.Release|iPhoneSimulator.Build.0 = Release|Any CPU
	EndGlobalSection
	GlobalSection(SolutionProperties) = preSolution
		HideSolutionNode = FALSE
	EndGlobalSection
	GlobalSection(NestedProjects) = preSolution
		{2886D5FE-328D-43CB-A30C-293F6DBEAE3C} = {91C5E67D-1D0C-4AC2-93D4-1B49173D8074}
		{3CDFB8C4-8A3E-4224-A82A-09F7EE29E901} = {91C5E67D-1D0C-4AC2-93D4-1B49173D8074}
		{91C5E67D-1D0C-4AC2-93D4-1B49173D8074} = {215F1048-3359-40D8-AFBB-9B0CFEF1A5A8}
		{3AD06268-0CB3-491A-9418-3012783A334D} = {215F1048-3359-40D8-AFBB-9B0CFEF1A5A8}
		{0D4816DF-39E8-4B7D-A178-67C5FBFE7E80} = {3CDFB8C4-8A3E-4224-A82A-09F7EE29E901}
		{526A0BAF-E204-4149-9182-5C74D71DC5DB} = {3AD06268-0CB3-491A-9418-3012783A334D}
		{97A06FA5-4205-4E6F-9047-DDAB59439646} = {91C5E67D-1D0C-4AC2-93D4-1B49173D8074}
		{EF6ADFBC-B58D-44B3-AEED-85D7A206182B} = {3CDFB8C4-8A3E-4224-A82A-09F7EE29E901}
		{84C1DFBF-DFA2-433C-A02E-E85E091BA015} = {91C5E67D-1D0C-4AC2-93D4-1B49173D8074}
		{F3A29258-018C-49FC-A7D4-35E9D7AABAB0} = {91C5E67D-1D0C-4AC2-93D4-1B49173D8074}
		{F8F73045-965A-4EAA-B300-B68B755B396D} = {C9EA7506-B026-415B-88BC-8B00A0906BC7}
		{EE94CCF9-3C41-44CA-AB05-940263BF84DF} = {C9EA7506-B026-415B-88BC-8B00A0906BC7}
		{9EC4D847-E0EA-400E-B7EC-70F6D7CCD804} = {DA16173F-4955-4685-A19F-62813DA353FE}
		{93B87ABA-3B56-47FC-A009-63710A620146} = {DA16173F-4955-4685-A19F-62813DA353FE}
		{BAD1423D-6A3B-4271-BF67-801A6E2B1717} = {F8F73045-965A-4EAA-B300-B68B755B396D}
		{80B9DB86-1A3E-49CD-B4BD-EC7DC76547E7} = {F8F73045-965A-4EAA-B300-B68B755B396D}
		{DA27020A-AA86-4C3A-8946-865F59D073E3} = {F8F73045-965A-4EAA-B300-B68B755B396D}
		{54DF1432-C9E0-4D47-91AE-3ACABEDA7107} = {9EC4D847-E0EA-400E-B7EC-70F6D7CCD804}
	EndGlobalSection
	GlobalSection(ExtensibilityGlobals) = postSolution
		SolutionGuid = {3863478F-22AA-4686-8D09-4299D9AF6F08}
	EndGlobalSection
EndGlobal
